
Microsoft Visual Studio Solution File, Format Version 12.00
# Visual Studio Version 17
VisualStudioVersion = 17.3.32929.385
MinimumVisualStudioVersion = 10.0.40219.1
Project("{FAE04EC0-301F-11D3-BF4B-00C04F79EFBC}") = "PracticaInstrumentos", "PracticaInstrumentos\PracticaInstrumentos.csproj", "{0776AD6B-F4AE-412D-AA88-965C7920055E}"
EndProject
Project("{FAE04EC0-301F-11D3-BF4B-00C04F79EFBC}") = "WindowsPresentacionInst", "WindowsPresentacionInst\WindowsPresentacionInst.csproj", "{7B01EEC7-C5AC-4051-8DCA-1F564881E8B0}"
EndProject
Global
	GlobalSection(SolutionConfigurationPlatforms) = preSolution
		Debug|Any CPU = Debug|Any CPU
		Release|Any CPU = Release|Any CPU
	EndGlobalSection
	GlobalSection(ProjectConfigurationPlatforms) = postSolution
		{0776AD6B-F4AE-412D-AA88-965C7920055E}.Debug|Any CPU.ActiveCfg = Debug|Any CPU
		{0776AD6B-F4AE-412D-AA88-965C7920055E}.Debug|Any CPU.Build.0 = Debug|Any CPU
		{0776AD6B-F4AE-412D-AA88-965C7920055E}.Release|Any CPU.ActiveCfg = Release|Any CPU
		{0776AD6B-F4AE-412D-AA88-965C7920055E}.Release|Any CPU.Build.0 = Release|Any CPU
		{7B01EEC7-C5AC-4051-8DCA-1F564881E8B0}.Debug|Any CPU.ActiveCfg = Debug|Any CPU
		{7B01EEC7-C5AC-4051-8DCA-1F564881E8B0}.Debug|Any CPU.Build.0 = Debug|Any CPU
		{7B01EEC7-C5AC-4051-8DCA-1F564881E8B0}.Release|Any CPU.ActiveCfg = Release|Any CPU
		{7B01EEC7-C5AC-4051-8DCA-1F564881E8B0}.Release|Any CPU.Build.0 = Release|Any CPU
	EndGlobalSection
	GlobalSection(SolutionProperties) = preSolution
		HideSolutionNode = FALSE
	EndGlobalSection
	GlobalSection(ExtensibilityGlobals) = postSolution
		SolutionGuid = {EEAAC27F-EC84-4A6A-82B2-348C5585318E}
	EndGlobalSection
EndGlobal
